
Microsoft Visual Studio Solution File, Format Version 12.00
# Visual Studio Version 17
VisualStudioVersion = 17.0.31903.59
MinimumVisualStudioVersion = 10.0.40219.1
Project("{FAE04EC0-301F-11D3-BF4B-00C04F79EFBC}") = "API", "API\API.csproj", "{659DCBC3-9F1C-417B-95A6-D70242F6F413}"
EndProject
Project("{FAE04EC0-301F-11D3-BF4B-00C04F79EFBC}") = "Application", "Application\Application.csproj", "{72A8EBB5-5752-4CD5-8E5A-10A8455F5B82}"
EndProject
Project("{FAE04EC0-301F-11D3-BF4B-00C04F79EFBC}") = "Domain", "Domain\Domain.csproj", "{659F3E9B-5780-4903-980A-BD6E45BECBF9}"
EndProject
Project("{FAE04EC0-301F-11D3-BF4B-00C04F79EFBC}") = "Infrastructure", "Infrastructure\Infrastructure.csproj", "{1E59711B-80B4-4AC2-914C-8896BBAA1360}"
EndProject
Project("{FAE04EC0-301F-11D3-BF4B-00C04F79EFBC}") = "Storage", "Storage\Storage.csproj", "{36D660EE-D7D2-41C5-B980-548BDCCF6544}"
EndProject
Global
	GlobalSection(SolutionConfigurationPlatforms) = preSolution
		Debug|Any CPU = Debug|Any CPU
		Release|Any CPU = Release|Any CPU
	EndGlobalSection
	GlobalSection(SolutionProperties) = preSolution
		HideSolutionNode = FALSE
	EndGlobalSection
	GlobalSection(ProjectConfigurationPlatforms) = postSolution
		{659DCBC3-9F1C-417B-95A6-D70242F6F413}.Debug|Any CPU.ActiveCfg = Debug|Any CPU
		{659DCBC3-9F1C-417B-95A6-D70242F6F413}.Debug|Any CPU.Build.0 = Debug|Any CPU
		{659DCBC3-9F1C-417B-95A6-D70242F6F413}.Release|Any CPU.ActiveCfg = Release|Any CPU
		{659DCBC3-9F1C-417B-95A6-D70242F6F413}.Release|Any CPU.Build.0 = Release|Any CPU
		{72A8EBB5-5752-4CD5-8E5A-10A8455F5B82}.Debug|Any CPU.ActiveCfg = Debug|Any CPU
		{72A8EBB5-5752-4CD5-8E5A-10A8455F5B82}.Debug|Any CPU.Build.0 = Debug|Any CPU
		{72A8EBB5-5752-4CD5-8E5A-10A8455F5B82}.Release|Any CPU.ActiveCfg = Release|Any CPU
		{72A8EBB5-5752-4CD5-8E5A-10A8455F5B82}.Release|Any CPU.Build.0 = Release|Any CPU
		{659F3E9B-5780-4903-980A-BD6E45BECBF9}.Debug|Any CPU.ActiveCfg = Debug|Any CPU
		{659F3E9B-5780-4903-980A-BD6E45BECBF9}.Debug|Any CPU.Build.0 = Debug|Any CPU
		{659F3E9B-5780-4903-980A-BD6E45BECBF9}.Release|Any CPU.ActiveCfg = Release|Any CPU
		{659F3E9B-5780-4903-980A-BD6E45BECBF9}.Release|Any CPU.Build.0 = Release|Any CPU
		{1E59711B-80B4-4AC2-914C-8896BBAA1360}.Debug|Any CPU.ActiveCfg = Debug|Any CPU
		{1E59711B-80B4-4AC2-914C-8896BBAA1360}.Debug|Any CPU.Build.0 = Debug|Any CPU
		{1E59711B-80B4-4AC2-914C-8896BBAA1360}.Release|Any CPU.ActiveCfg = Release|Any CPU
		{1E59711B-80B4-4AC2-914C-8896BBAA1360}.Release|Any CPU.Build.0 = Release|Any CPU
		{36D660EE-D7D2-41C5-B980-548BDCCF6544}.Debug|Any CPU.ActiveCfg = Debug|Any CPU
		{36D660EE-D7D2-41C5-B980-548BDCCF6544}.Debug|Any CPU.Build.0 = Debug|Any CPU
		{36D660EE-D7D2-41C5-B980-548BDCCF6544}.Release|Any CPU.ActiveCfg = Release|Any CPU
		{36D660EE-D7D2-41C5-B980-548BDCCF6544}.Release|Any CPU.Build.0 = Release|Any CPU
	EndGlobalSection
EndGlobal
